// !$*UTF8*$!
{
	archiveVersion = 1;
	classes = {
	};
	objectVersion = 50;
	objects = {

/* Begin PBXBuildFile section */
		F93452AA237F20090042219B /* AppDelegate.swift in Sources */ = {isa = PBXBuildFile; fileRef = F93452A9237F20090042219B /* AppDelegate.swift */; };
		F93452AC237F20090042219B /* art.scnassets in Resources */ = {isa = PBXBuildFile; fileRef = F93452AB237F20090042219B /* art.scnassets */; };
		F93452AE237F20090042219B /* GameViewController.swift in Sources */ = {isa = PBXBuildFile; fileRef = F93452AD237F20090042219B /* GameViewController.swift */; };
		F93452B1237F20090042219B /* Main.storyboard in Resources */ = {isa = PBXBuildFile; fileRef = F93452AF237F20090042219B /* Main.storyboard */; };
		F93452B3237F200D0042219B /* Assets.xcassets in Resources */ = {isa = PBXBuildFile; fileRef = F93452B2237F200D0042219B /* Assets.xcassets */; };
		F93452B6237F200D0042219B /* LaunchScreen.storyboard in Resources */ = {isa = PBXBuildFile; fileRef = F93452B4237F200D0042219B /* LaunchScreen.storyboard */; };
		F93452C1237F200D0042219B /* nauticaTests.swift in Sources */ = {isa = PBXBuildFile; fileRef = F93452C0237F200D0042219B /* nauticaTests.swift */; };
		F93452CC237F200D0042219B /* nauticaUITests.swift in Sources */ = {isa = PBXBuildFile; fileRef = F93452CB237F200D0042219B /* nauticaUITests.swift */; };
		F93452DA237F2E6F0042219B /* Joystick.swift in Sources */ = {isa = PBXBuildFile; fileRef = F93452D9237F2E6F0042219B /* Joystick.swift */; };
		F93452DC237F2FFF0042219B /* JoystickOverlay.swift in Sources */ = {isa = PBXBuildFile; fileRef = F93452DB237F2FFF0042219B /* JoystickOverlay.swift */; };
/* End PBXBuildFile section */

/* Begin PBXContainerItemProxy section */
		F93452BD237F200D0042219B /* PBXContainerItemProxy */ = {
			isa = PBXContainerItemProxy;
			containerPortal = F934529E237F20090042219B /* Project object */;
			proxyType = 1;
			remoteGlobalIDString = F93452A5237F20090042219B;
			remoteInfo = nautica;
		};
		F93452C8237F200D0042219B /* PBXContainerItemProxy */ = {
			isa = PBXContainerItemProxy;
			containerPortal = F934529E237F20090042219B /* Project object */;
			proxyType = 1;
			remoteGlobalIDString = F93452A5237F20090042219B;
			remoteInfo = nautica;
		};
/* End PBXContainerItemProxy section */

/* Begin PBXFileReference section */
		F93452A6237F20090042219B /* nautica.app */ = {isa = PBXFileReference; explicitFileType = wrapper.application; includeInIndex = 0; path = nautica.app; sourceTree = BUILT_PRODUCTS_DIR; };
		F93452A9237F20090042219B /* AppDelegate.swift */ = {isa = PBXFileReference; lastKnownFileType = sourcecode.swift; path = AppDelegate.swift; sourceTree = "<group>"; };
		F93452AB237F20090042219B /* art.scnassets */ = {isa = PBXFileReference; lastKnownFileType = wrapper.scnassets; path = art.scnassets; sourceTree = "<group>"; };
		F93452AD237F20090042219B /* GameViewController.swift */ = {isa = PBXFileReference; lastKnownFileType = sourcecode.swift; path = GameViewController.swift; sourceTree = "<group>"; };
		F93452B0237F20090042219B /* Base */ = {isa = PBXFileReference; lastKnownFileType = file.storyboard; name = Base; path = Base.lproj/Main.storyboard; sourceTree = "<group>"; };
		F93452B2237F200D0042219B /* Assets.xcassets */ = {isa = PBXFileReference; lastKnownFileType = folder.assetcatalog; path = Assets.xcassets; sourceTree = "<group>"; };
		F93452B5237F200D0042219B /* Base */ = {isa = PBXFileReference; lastKnownFileType = file.storyboard; name = Base; path = Base.lproj/LaunchScreen.storyboard; sourceTree = "<group>"; };
		F93452B7237F200D0042219B /* Info.plist */ = {isa = PBXFileReference; lastKnownFileType = text.plist.xml; path = Info.plist; sourceTree = "<group>"; };
		F93452BC237F200D0042219B /* nauticaTests.xctest */ = {isa = PBXFileReference; explicitFileType = wrapper.cfbundle; includeInIndex = 0; path = nauticaTests.xctest; sourceTree = BUILT_PRODUCTS_DIR; };
		F93452C0237F200D0042219B /* nauticaTests.swift */ = {isa = PBXFileReference; lastKnownFileType = sourcecode.swift; path = nauticaTests.swift; sourceTree = "<group>"; };
		F93452C2237F200D0042219B /* Info.plist */ = {isa = PBXFileReference; lastKnownFileType = text.plist.xml; path = Info.plist; sourceTree = "<group>"; };
		F93452C7237F200D0042219B /* nauticaUITests.xctest */ = {isa = PBXFileReference; explicitFileType = wrapper.cfbundle; includeInIndex = 0; path = nauticaUITests.xctest; sourceTree = BUILT_PRODUCTS_DIR; };
		F93452CB237F200D0042219B /* nauticaUITests.swift */ = {isa = PBXFileReference; lastKnownFileType = sourcecode.swift; path = nauticaUITests.swift; sourceTree = "<group>"; };
		F93452CD237F200D0042219B /* Info.plist */ = {isa = PBXFileReference; lastKnownFileType = text.plist.xml; path = Info.plist; sourceTree = "<group>"; };
		F93452D9237F2E6F0042219B /* Joystick.swift */ = {isa = PBXFileReference; lastKnownFileType = sourcecode.swift; path = Joystick.swift; sourceTree = "<group>"; };
		F93452DB237F2FFF0042219B /* JoystickOverlay.swift */ = {isa = PBXFileReference; lastKnownFileType = sourcecode.swift; path = JoystickOverlay.swift; sourceTree = "<group>"; };
/* End PBXFileReference section */

/* Begin PBXFrameworksBuildPhase section */
		F93452A3237F20090042219B /* Frameworks */ = {
			isa = PBXFrameworksBuildPhase;
			buildActionMask = 2147483647;
			files = (
			);
			runOnlyForDeploymentPostprocessing = 0;
		};
		F93452B9237F200D0042219B /* Frameworks */ = {
			isa = PBXFrameworksBuildPhase;
			buildActionMask = 2147483647;
			files = (
			);
			runOnlyForDeploymentPostprocessing = 0;
		};
		F93452C4237F200D0042219B /* Frameworks */ = {
			isa = PBXFrameworksBuildPhase;
			buildActionMask = 2147483647;
			files = (
			);
			runOnlyForDeploymentPostprocessing = 0;
		};
/* End PBXFrameworksBuildPhase section */

/* Begin PBXGroup section */
		F934529D237F20090042219B = {
			isa = PBXGroup;
			children = (
				F93452A8237F20090042219B /* nautica */,
				F93452BF237F200D0042219B /* nauticaTests */,
				F93452CA237F200D0042219B /* nauticaUITests */,
				F93452A7237F20090042219B /* Products */,
			);
			sourceTree = "<group>";
		};
		F93452A7237F20090042219B /* Products */ = {
			isa = PBXGroup;
			children = (
				F93452A6237F20090042219B /* nautica.app */,
				F93452BC237F200D0042219B /* nauticaTests.xctest */,
				F93452C7237F200D0042219B /* nauticaUITests.xctest */,
			);
			name = Products;
			sourceTree = "<group>";
		};
		F93452A8237F20090042219B /* nautica */ = {
			isa = PBXGroup;
			children = (
				F93452A9237F20090042219B /* AppDelegate.swift */,
				F93452AB237F20090042219B /* art.scnassets */,
				F93452AD237F20090042219B /* GameViewController.swift */,
				F93452AF237F20090042219B /* Main.storyboard */,
				F93452B2237F200D0042219B /* Assets.xcassets */,
				F93452B4237F200D0042219B /* LaunchScreen.storyboard */,
				F93452B7237F200D0042219B /* Info.plist */,
				F93452D9237F2E6F0042219B /* Joystick.swift */,
				F93452DB237F2FFF0042219B /* JoystickOverlay.swift */,
			);
			path = nautica;
			sourceTree = "<group>";
		};
		F93452BF237F200D0042219B /* nauticaTests */ = {
			isa = PBXGroup;
			children = (
				F93452C0237F200D0042219B /* nauticaTests.swift */,
				F93452C2237F200D0042219B /* Info.plist */,
			);
			path = nauticaTests;
			sourceTree = "<group>";
		};
		F93452CA237F200D0042219B /* nauticaUITests */ = {
			isa = PBXGroup;
			children = (
				F93452CB237F200D0042219B /* nauticaUITests.swift */,
				F93452CD237F200D0042219B /* Info.plist */,
			);
			path = nauticaUITests;
			sourceTree = "<group>";
		};
/* End PBXGroup section */

/* Begin PBXNativeTarget section */
		F93452A5237F20090042219B /* nautica */ = {
			isa = PBXNativeTarget;
			buildConfigurationList = F93452D0237F200D0042219B /* Build configuration list for PBXNativeTarget "nautica" */;
			buildPhases = (
				F93452A2237F20090042219B /* Sources */,
				F93452A3237F20090042219B /* Frameworks */,
				F93452A4237F20090042219B /* Resources */,
			);
			buildRules = (
			);
			dependencies = (
			);
			name = nautica;
			productName = nautica;
			productReference = F93452A6237F20090042219B /* nautica.app */;
			productType = "com.apple.product-type.application";
		};
		F93452BB237F200D0042219B /* nauticaTests */ = {
			isa = PBXNativeTarget;
			buildConfigurationList = F93452D3237F200D0042219B /* Build configuration list for PBXNativeTarget "nauticaTests" */;
			buildPhases = (
				F93452B8237F200D0042219B /* Sources */,
				F93452B9237F200D0042219B /* Frameworks */,
				F93452BA237F200D0042219B /* Resources */,
			);
			buildRules = (
			);
			dependencies = (
				F93452BE237F200D0042219B /* PBXTargetDependency */,
			);
			name = nauticaTests;
			productName = nauticaTests;
			productReference = F93452BC237F200D0042219B /* nauticaTests.xctest */;
			productType = "com.apple.product-type.bundle.unit-test";
		};
		F93452C6237F200D0042219B /* nauticaUITests */ = {
			isa = PBXNativeTarget;
			buildConfigurationList = F93452D6237F200D0042219B /* Build configuration list for PBXNativeTarget "nauticaUITests" */;
			buildPhases = (
				F93452C3237F200D0042219B /* Sources */,
				F93452C4237F200D0042219B /* Frameworks */,
				F93452C5237F200D0042219B /* Resources */,
			);
			buildRules = (
			);
			dependencies = (
				F93452C9237F200D0042219B /* PBXTargetDependency */,
			);
			name = nauticaUITests;
			productName = nauticaUITests;
			productReference = F93452C7237F200D0042219B /* nauticaUITests.xctest */;
			productType = "com.apple.product-type.bundle.ui-testing";
		};
/* End PBXNativeTarget section */

/* Begin PBXProject section */
		F934529E237F20090042219B /* Project object */ = {
			isa = PBXProject;
			attributes = {
				LastSwiftUpdateCheck = 1110;
				LastUpgradeCheck = 1110;
				ORGANIZATIONNAME = Innoviox;
				TargetAttributes = {
					F93452A5237F20090042219B = {
						CreatedOnToolsVersion = 11.1;
					};
					F93452BB237F200D0042219B = {
						CreatedOnToolsVersion = 11.1;
						TestTargetID = F93452A5237F20090042219B;
					};
					F93452C6237F200D0042219B = {
						CreatedOnToolsVersion = 11.1;
						TestTargetID = F93452A5237F20090042219B;
					};
				};
			};
			buildConfigurationList = F93452A1237F20090042219B /* Build configuration list for PBXProject "nautica" */;
			compatibilityVersion = "Xcode 9.3";
			developmentRegion = en;
			hasScannedForEncodings = 0;
			knownRegions = (
				en,
				Base,
			);
			mainGroup = F934529D237F20090042219B;
			productRefGroup = F93452A7237F20090042219B /* Products */;
			projectDirPath = "";
			projectRoot = "";
			targets = (
				F93452A5237F20090042219B /* nautica */,
				F93452BB237F200D0042219B /* nauticaTests */,
				F93452C6237F200D0042219B /* nauticaUITests */,
			);
		};
/* End PBXProject section */

/* Begin PBXResourcesBuildPhase section */
		F93452A4237F20090042219B /* Resources */ = {
			isa = PBXResourcesBuildPhase;
			buildActionMask = 2147483647;
			files = (
				F93452AC237F20090042219B /* art.scnassets in Resources */,
				F93452B6237F200D0042219B /* LaunchScreen.storyboard in Resources */,
				F93452B3237F200D0042219B /* Assets.xcassets in Resources */,
				F93452B1237F20090042219B /* Main.storyboard in Resources */,
			);
			runOnlyForDeploymentPostprocessing = 0;
		};
		F93452BA237F200D0042219B /* Resources */ = {
			isa = PBXResourcesBuildPhase;
			buildActionMask = 2147483647;
			files = (
			);
			runOnlyForDeploymentPostprocessing = 0;
		};
		F93452C5237F200D0042219B /* Resources */ = {
			isa = PBXResourcesBuildPhase;
			buildActionMask = 2147483647;
			files = (
			);
			runOnlyForDeploymentPostprocessing = 0;
		};
/* End PBXResourcesBuildPhase section */

/* Begin PBXSourcesBuildPhase section */
		F93452A2237F20090042219B /* Sources */ = {
			isa = PBXSourcesBuildPhase;
			buildActionMask = 2147483647;
			files = (
				F93452DA237F2E6F0042219B /* Joystick.swift in Sources */,
				F93452AE237F20090042219B /* GameViewController.swift in Sources */,
				F93452DC237F2FFF0042219B /* JoystickOverlay.swift in Sources */,
				F93452AA237F20090042219B /* AppDelegate.swift in Sources */,
			);
			runOnlyForDeploymentPostprocessing = 0;
		};
		F93452B8237F200D0042219B /* Sources */ = {
			isa = PBXSourcesBuildPhase;
			buildActionMask = 2147483647;
			files = (
				F93452C1237F200D0042219B /* nauticaTests.swift in Sources */,
			);
			runOnlyForDeploymentPostprocessing = 0;
		};
		F93452C3237F200D0042219B /* Sources */ = {
			isa = PBXSourcesBuildPhase;
			buildActionMask = 2147483647;
			files = (
				F93452CC237F200D0042219B /* nauticaUITests.swift in Sources */,
			);
			runOnlyForDeploymentPostprocessing = 0;
		};
/* End PBXSourcesBuildPhase section */

/* Begin PBXTargetDependency section */
		F93452BE237F200D0042219B /* PBXTargetDependency */ = {
			isa = PBXTargetDependency;
			target = F93452A5237F20090042219B /* nautica */;
			targetProxy = F93452BD237F200D0042219B /* PBXContainerItemProxy */;
		};
		F93452C9237F200D0042219B /* PBXTargetDependency */ = {
			isa = PBXTargetDependency;
			target = F93452A5237F20090042219B /* nautica */;
			targetProxy = F93452C8237F200D0042219B /* PBXContainerItemProxy */;
		};
/* End PBXTargetDependency section */

/* Begin PBXVariantGroup section */
		F93452AF237F20090042219B /* Main.storyboard */ = {
			isa = PBXVariantGroup;
			children = (
				F93452B0237F20090042219B /* Base */,
			);
			name = Main.storyboard;
			sourceTree = "<group>";
		};
		F93452B4237F200D0042219B /* LaunchScreen.storyboard */ = {
			isa = PBXVariantGroup;
			children = (
				F93452B5237F200D0042219B /* Base */,
			);
			name = LaunchScreen.storyboard;
			sourceTree = "<group>";
		};
/* End PBXVariantGroup section */

/* Begin XCBuildConfiguration section */
		F93452CE237F200D0042219B /* Debug */ = {
			isa = XCBuildConfiguration;
			buildSettings = {
				ALWAYS_SEARCH_USER_PATHS = NO;
				CLANG_ANALYZER_NONNULL = YES;
				CLANG_ANALYZER_NUMBER_OBJECT_CONVERSION = YES_AGGRESSIVE;
				CLANG_CXX_LANGUAGE_STANDARD = "gnu++14";
				CLANG_CXX_LIBRARY = "libc++";
				CLANG_ENABLE_MODULES = YES;
				CLANG_ENABLE_OBJC_ARC = YES;
				CLANG_ENABLE_OBJC_WEAK = YES;
				CLANG_WARN_BLOCK_CAPTURE_AUTORELEASING = YES;
				CLANG_WARN_BOOL_CONVERSION = YES;
				CLANG_WARN_COMMA = YES;
				CLANG_WARN_CONSTANT_CONVERSION = YES;
				CLANG_WARN_DEPRECATED_OBJC_IMPLEMENTATIONS = YES;
				CLANG_WARN_DIRECT_OBJC_ISA_USAGE = YES_ERROR;
				CLANG_WARN_DOCUMENTATION_COMMENTS = YES;
				CLANG_WARN_EMPTY_BODY = YES;
				CLANG_WARN_ENUM_CONVERSION = YES;
				CLANG_WARN_INFINITE_RECURSION = YES;
				CLANG_WARN_INT_CONVERSION = YES;
				CLANG_WARN_NON_LITERAL_NULL_CONVERSION = YES;
				CLANG_WARN_OBJC_IMPLICIT_RETAIN_SELF = YES;
				CLANG_WARN_OBJC_LITERAL_CONVERSION = YES;
				CLANG_WARN_OBJC_ROOT_CLASS = YES_ERROR;
				CLANG_WARN_RANGE_LOOP_ANALYSIS = YES;
				CLANG_WARN_STRICT_PROTOTYPES = YES;
				CLANG_WARN_SUSPICIOUS_MOVE = YES;
				CLANG_WARN_UNGUARDED_AVAILABILITY = YES_AGGRESSIVE;
				CLANG_WARN_UNREACHABLE_CODE = YES;
				CLANG_WARN__DUPLICATE_METHOD_MATCH = YES;
				COPY_PHASE_STRIP = NO;
				DEBUG_INFORMATION_FORMAT = dwarf;
				ENABLE_STRICT_OBJC_MSGSEND = YES;
				ENABLE_TESTABILITY = YES;
				GCC_C_LANGUAGE_STANDARD = gnu11;
				GCC_DYNAMIC_NO_PIC = NO;
				GCC_NO_COMMON_BLOCKS = YES;
				GCC_OPTIMIZATION_LEVEL = 0;
				GCC_PREPROCESSOR_DEFINITIONS = (
					"DEBUG=1",
					"$(inherited)",
				);
				GCC_WARN_64_TO_32_BIT_CONVERSION = YES;
				GCC_WARN_ABOUT_RETURN_TYPE = YES_ERROR;
				GCC_WARN_UNDECLARED_SELECTOR = YES;
				GCC_WARN_UNINITIALIZED_AUTOS = YES_AGGRESSIVE;
				GCC_WARN_UNUSED_FUNCTION = YES;
				GCC_WARN_UNUSED_VARIABLE = YES;
				IPHONEOS_DEPLOYMENT_TARGET = 13.1;
				MTL_ENABLE_DEBUG_INFO = INCLUDE_SOURCE;
				MTL_FAST_MATH = YES;
				ONLY_ACTIVE_ARCH = YES;
				SDKROOT = iphoneos;
				SWIFT_ACTIVE_COMPILATION_CONDITIONS = DEBUG;
				SWIFT_OPTIMIZATION_LEVEL = "-Onone";
			};
			name = Debug;
		};
		F93452CF237F200D0042219B /* Release */ = {
			isa = XCBuildConfiguration;
			buildSettings = {
				ALWAYS_SEARCH_USER_PATHS = NO;
				CLANG_ANALYZER_NONNULL = YES;
				CLANG_ANALYZER_NUMBER_OBJECT_CONVERSION = YES_AGGRESSIVE;
				CLANG_CXX_LANGUAGE_STANDARD = "gnu++14";
				CLANG_CXX_LIBRARY = "libc++";
				CLANG_ENABLE_MODULES = YES;
				CLANG_ENABLE_OBJC_ARC = YES;
				CLANG_ENABLE_OBJC_WEAK = YES;
				CLANG_WARN_BLOCK_CAPTURE_AUTORELEASING = YES;
				CLANG_WARN_BOOL_CONVERSION = YES;
				CLANG_WARN_COMMA = YES;
				CLANG_WARN_CONSTANT_CONVERSION = YES;
				CLANG_WARN_DEPRECATED_OBJC_IMPLEMENTATIONS = YES;
				CLANG_WARN_DIRECT_OBJC_ISA_USAGE = YES_ERROR;
				CLANG_WARN_DOCUMENTATION_COMMENTS = YES;
				CLANG_WARN_EMPTY_BODY = YES;
				CLANG_WARN_ENUM_CONVERSION = YES;
				CLANG_WARN_INFINITE_RECURSION = YES;
				CLANG_WARN_INT_CONVERSION = YES;
				CLANG_WARN_NON_LITERAL_NULL_CONVERSION = YES;
				CLANG_WARN_OBJC_IMPLICIT_RETAIN_SELF = YES;
				CLANG_WARN_OBJC_LITERAL_CONVERSION = YES;
				CLANG_WARN_OBJC_ROOT_CLASS = YES_ERROR;
				CLANG_WARN_RANGE_LOOP_ANALYSIS = YES;
				CLANG_WARN_STRICT_PROTOTYPES = YES;
				CLANG_WARN_SUSPICIOUS_MOVE = YES;
				CLANG_WARN_UNGUARDED_AVAILABILITY = YES_AGGRESSIVE;
				CLANG_WARN_UNREACHABLE_CODE = YES;
				CLANG_WARN__DUPLICATE_METHOD_MATCH = YES;
				COPY_PHASE_STRIP = NO;
				DEBUG_INFORMATION_FORMAT = "dwarf-with-dsym";
				ENABLE_NS_ASSERTIONS = NO;
				ENABLE_STRICT_OBJC_MSGSEND = YES;
				GCC_C_LANGUAGE_STANDARD = gnu11;
				GCC_NO_COMMON_BLOCKS = YES;
				GCC_WARN_64_TO_32_BIT_CONVERSION = YES;
				GCC_WARN_ABOUT_RETURN_TYPE = YES_ERROR;
				GCC_WARN_UNDECLARED_SELECTOR = YES;
				GCC_WARN_UNINITIALIZED_AUTOS = YES_AGGRESSIVE;
				GCC_WARN_UNUSED_FUNCTION = YES;
				GCC_WARN_UNUSED_VARIABLE = YES;
				IPHONEOS_DEPLOYMENT_TARGET = 13.1;
				MTL_ENABLE_DEBUG_INFO = NO;
				MTL_FAST_MATH = YES;
				SDKROOT = iphoneos;
				SWIFT_COMPILATION_MODE = wholemodule;
				SWIFT_OPTIMIZATION_LEVEL = "-O";
				VALIDATE_PRODUCT = YES;
			};
			name = Release;
		};
		F93452D1237F200D0042219B /* Debug */ = {
			isa = XCBuildConfiguration;
			buildSettings = {
				ASSETCATALOG_COMPILER_APPICON_NAME = AppIcon;
				CODE_SIGN_STYLE = Automatic;
				DEVELOPMENT_TEAM = SM7F898GQH;
				INFOPLIST_FILE = nautica/Info.plist;
				LD_RUNPATH_SEARCH_PATHS = (
					"$(inherited)",
					"@executable_path/Frameworks",
				);
				PRODUCT_BUNDLE_IDENTIFIER = com.innoviox.nautica;
				PRODUCT_NAME = "$(TARGET_NAME)";
				SWIFT_VERSION = 5.0;
				TARGETED_DEVICE_FAMILY = "1,2";
			};
			name = Debug;
		};
		F93452D2237F200D0042219B /* Release */ = {
			isa = XCBuildConfiguration;
			buildSettings = {
				ASSETCATALOG_COMPILER_APPICON_NAME = AppIcon;
				CODE_SIGN_STYLE = Automatic;
				DEVELOPMENT_TEAM = SM7F898GQH;
				INFOPLIST_FILE = nautica/Info.plist;
				LD_RUNPATH_SEARCH_PATHS = (
					"$(inherited)",
					"@executable_path/Frameworks",
				);
				PRODUCT_BUNDLE_IDENTIFIER = com.innoviox.nautica;
				PRODUCT_NAME = "$(TARGET_NAME)";
				SWIFT_VERSION = 5.0;
				TARGETED_DEVICE_FAMILY = "1,2";
			};
			name = Release;
		};
		F93452D4237F200D0042219B /* Debug */ = {
			isa = XCBuildConfiguration;
			buildSettings = {
				ALWAYS_EMBED_SWIFT_STANDARD_LIBRARIES = YES;
				BUNDLE_LOADER = "$(TEST_HOST)";
				CODE_SIGN_STYLE = Automatic;
				DEVELOPMENT_TEAM = SM7F898GQH;
				INFOPLIST_FILE = nauticaTests/Info.plist;
				IPHONEOS_DEPLOYMENT_TARGET = 13.1;
				LD_RUNPATH_SEARCH_PATHS = (
					"$(inherited)",
					"@executable_path/Frameworks",
					"@loader_path/Frameworks",
				);
				PRODUCT_BUNDLE_IDENTIFIER = com.innoviox.nauticaTests;
				PRODUCT_NAME = "$(TARGET_NAME)";
				SWIFT_VERSION = 5.0;
				TARGETED_DEVICE_FAMILY = "1,2";
				TEST_HOST = "$(BUILT_PRODUCTS_DIR)/nautica.app/nautica";
			};
			name = Debug;
		};
		F93452D5237F200D0042219B /* Release */ = {
			isa = XCBuildConfiguration;
			buildSettings = {
				ALWAYS_EMBED_SWIFT_STANDARD_LIBRARIES = YES;
				BUNDLE_LOADER = "$(TEST_HOST)";
				CODE_SIGN_STYLE = Automatic;
				DEVELOPMENT_TEAM = SM7F898GQH;
				INFOPLIST_FILE = nauticaTests/Info.plist;
				IPHONEOS_DEPLOYMENT_TARGET = 13.1;
				LD_RUNPATH_SEARCH_PATHS = (
					"$(inherited)",
					"@executable_path/Frameworks",
					"@loader_path/Frameworks",
				);
				PRODUCT_BUNDLE_IDENTIFIER = com.innoviox.nauticaTests;
				PRODUCT_NAME = "$(TARGET_NAME)";
				SWIFT_VERSION = 5.0;
				TARGETED_DEVICE_FAMILY = "1,2";
				TEST_HOST = "$(BUILT_PRODUCTS_DIR)/nautica.app/nautica";
			};
			name = Release;
		};
		F93452D7237F200D0042219B /* Debug */ = {
			isa = XCBuildConfiguration;
			buildSettings = {
				ALWAYS_EMBED_SWIFT_STANDARD_LIBRARIES = YES;
				CODE_SIGN_STYLE = Automatic;
				DEVELOPMENT_TEAM = SM7F898GQH;
				INFOPLIST_FILE = nauticaUITests/Info.plist;
				LD_RUNPATH_SEARCH_PATHS = (
					"$(inherited)",
					"@executable_path/Frameworks",
					"@loader_path/Frameworks",
				);
				PRODUCT_BUNDLE_IDENTIFIER = com.innoviox.nauticaUITests;
				PRODUCT_NAME = "$(TARGET_NAME)";
				SWIFT_VERSION = 5.0;
				TARGETED_DEVICE_FAMILY = "1,2";
				TEST_TARGET_NAME = nautica;
			};
			name = Debug;
		};
		F93452D8237F200D0042219B /* Release */ = {
			isa = XCBuildConfiguration;
			buildSettings = {
				ALWAYS_EMBED_SWIFT_STANDARD_LIBRARIES = YES;
				CODE_SIGN_STYLE = Automatic;
				DEVELOPMENT_TEAM = SM7F898GQH;
				INFOPLIST_FILE = nauticaUITests/Info.plist;
				LD_RUNPATH_SEARCH_PATHS = (
					"$(inherited)",
					"@executable_path/Frameworks",
					"@loader_path/Frameworks",
				);
				PRODUCT_BUNDLE_IDENTIFIER = com.innoviox.nauticaUITests;
				PRODUCT_NAME = "$(TARGET_NAME)";
				SWIFT_VERSION = 5.0;
				TARGETED_DEVICE_FAMILY = "1,2";
				TEST_TARGET_NAME = nautica;
			};
			name = Release;
		};
/* End XCBuildConfiguration section */

/* Begin XCConfigurationList section */
		F93452A1237F20090042219B /* Build configuration list for PBXProject "nautica" */ = {
			isa = XCConfigurationList;
			buildConfigurations = (
				F93452CE237F200D0042219B /* Debug */,
				F93452CF237F200D0042219B /* Release */,
			);
			defaultConfigurationIsVisible = 0;
			defaultConfigurationName = Release;
		};
		F93452D0237F200D0042219B /* Build configuration list for PBXNativeTarget "nautica" */ = {
			isa = XCConfigurationList;
			buildConfigurations = (
				F93452D1237F200D0042219B /* Debug */,
				F93452D2237F200D0042219B /* Release */,
			);
			defaultConfigurationIsVisible = 0;
			defaultConfigurationName = Release;
		};
		F93452D3237F200D0042219B /* Build configuration list for PBXNativeTarget "nauticaTests" */ = {
			isa = XCConfigurationList;
			buildConfigurations = (
				F93452D4237F200D0042219B /* Debug */,
				F93452D5237F200D0042219B /* Release */,
			);
			defaultConfigurationIsVisible = 0;
			defaultConfigurationName = Release;
		};
		F93452D6237F200D0042219B /* Build configuration list for PBXNativeTarget "nauticaUITests" */ = {
			isa = XCConfigurationList;
			buildConfigurations = (
				F93452D7237F200D0042219B /* Debug */,
				F93452D8237F200D0042219B /* Release */,
			);
			defaultConfigurationIsVisible = 0;
			defaultConfigurationName = Release;
		};
/* End XCConfigurationList section */
	};
	rootObject = F934529E237F20090042219B /* Project object */;
}
